
Microsoft Visual Studio Solution File, Format Version 12.00
# Visual Studio Version 17
VisualStudioVersion = 17.6.33829.357
MinimumVisualStudioVersion = 10.0.40219.1
Project("{FAE04EC0-301F-11D3-BF4B-00C04F79EFBC}") = "Festival_Valhalla", "Festival_Valhalla.csproj", "{3213FCB1-9CE8-45B6-B899-35028F43BD2A}"
EndProject
Global
	GlobalSection(SolutionConfigurationPlatforms) = preSolution
		Debug|Any CPU = Debug|Any CPU
		Release|Any CPU = Release|Any CPU
	EndGlobalSection
	GlobalSection(ProjectConfigurationPlatforms) = postSolution
		{3213FCB1-9CE8-45B6-B899-35028F43BD2A}.Debug|Any CPU.ActiveCfg = Debug|Any CPU
		{3213FCB1-9CE8-45B6-B899-35028F43BD2A}.Debug|Any CPU.Build.0 = Debug|Any CPU
		{3213FCB1-9CE8-45B6-B899-35028F43BD2A}.Release|Any CPU.ActiveCfg = Release|Any CPU
		{3213FCB1-9CE8-45B6-B899-35028F43BD2A}.Release|Any CPU.Build.0 = Release|Any CPU
	EndGlobalSection
	GlobalSection(SolutionProperties) = preSolution
		HideSolutionNode = FALSE
	EndGlobalSection
	GlobalSection(ExtensibilityGlobals) = postSolution
		SolutionGuid = {3F2BAB9F-0887-4108-BD20-FA74A396F834}
	EndGlobalSection
EndGlobal
